
Microsoft Visual Studio Solution File, Format Version 12.00
# Visual Studio Version 17
VisualStudioVersion = 17.1.32414.318
MinimumVisualStudioVersion = 10.0.40219.1
Project("{FAE04EC0-301F-11D3-BF4B-00C04F79EFBC}") = "Ch11Modifiers", "Ch11Modifiers\Ch11Modifiers.csproj", "{F4EA4804-31B6-4E0B-9DD5-BCCB8554C179}"
EndProject
Global
	GlobalSection(SolutionConfigurationPlatforms) = preSolution
		Debug|Any CPU = Debug|Any CPU
		Release|Any CPU = Release|Any CPU
	EndGlobalSection
	GlobalSection(ProjectConfigurationPlatforms) = postSolution
		{F4EA4804-31B6-4E0B-9DD5-BCCB8554C179}.Debug|Any CPU.ActiveCfg = Debug|Any CPU
		{F4EA4804-31B6-4E0B-9DD5-BCCB8554C179}.Debug|Any CPU.Build.0 = Debug|Any CPU
		{F4EA4804-31B6-4E0B-9DD5-BCCB8554C179}.Release|Any CPU.ActiveCfg = Release|Any CPU
		{F4EA4804-31B6-4E0B-9DD5-BCCB8554C179}.Release|Any CPU.Build.0 = Release|Any CPU
	EndGlobalSection
	GlobalSection(SolutionProperties) = preSolution
		HideSolutionNode = FALSE
	EndGlobalSection
	GlobalSection(ExtensibilityGlobals) = postSolution
		SolutionGuid = {AE4AEEE8-7E5B-4B62-A552-639341F08CCD}
	EndGlobalSection
EndGlobal
