
Microsoft Visual Studio Solution File, Format Version 12.00
# Visual Studio Version 17
VisualStudioVersion = 17.1.32414.318
MinimumVisualStudioVersion = 10.0.40219.1
Project("{FAE04EC0-301F-11D3-BF4B-00C04F79EFBC}") = "Ch8TwoDecksWPF", "Ch8TwoDecksWPF\Ch8TwoDecksWPF.csproj", "{227A4000-F6F6-4DDD-B3B8-196EF1F82E92}"
EndProject
Global
	GlobalSection(SolutionConfigurationPlatforms) = preSolution
		Debug|Any CPU = Debug|Any CPU
		Release|Any CPU = Release|Any CPU
	EndGlobalSection
	GlobalSection(ProjectConfigurationPlatforms) = postSolution
		{227A4000-F6F6-4DDD-B3B8-196EF1F82E92}.Debug|Any CPU.ActiveCfg = Debug|Any CPU
		{227A4000-F6F6-4DDD-B3B8-196EF1F82E92}.Debug|Any CPU.Build.0 = Debug|Any CPU
		{227A4000-F6F6-4DDD-B3B8-196EF1F82E92}.Release|Any CPU.ActiveCfg = Release|Any CPU
		{227A4000-F6F6-4DDD-B3B8-196EF1F82E92}.Release|Any CPU.Build.0 = Release|Any CPU
	EndGlobalSection
	GlobalSection(SolutionProperties) = preSolution
		HideSolutionNode = FALSE
	EndGlobalSection
	GlobalSection(ExtensibilityGlobals) = postSolution
		SolutionGuid = {9109B1FC-0B60-4699-8A45-CB07E7FC39F0}
	EndGlobalSection
EndGlobal
