
Microsoft Visual Studio Solution File, Format Version 12.00
# Visual Studio Version 17
VisualStudioVersion = 17.1.32414.318
MinimumVisualStudioVersion = 10.0.40219.1
Project("{FAE04EC0-301F-11D3-BF4B-00C04F79EFBC}") = "Ch8ShoeStoreWithLists", "Ch8ShoeStoreWithLists\Ch8ShoeStoreWithLists.csproj", "{A9C6E4DB-0774-4B63-96BA-6FF25B52F6CB}"
EndProject
Global
	GlobalSection(SolutionConfigurationPlatforms) = preSolution
		Debug|Any CPU = Debug|Any CPU
		Release|Any CPU = Release|Any CPU
	EndGlobalSection
	GlobalSection(ProjectConfigurationPlatforms) = postSolution
		{A9C6E4DB-0774-4B63-96BA-6FF25B52F6CB}.Debug|Any CPU.ActiveCfg = Debug|Any CPU
		{A9C6E4DB-0774-4B63-96BA-6FF25B52F6CB}.Debug|Any CPU.Build.0 = Debug|Any CPU
		{A9C6E4DB-0774-4B63-96BA-6FF25B52F6CB}.Release|Any CPU.ActiveCfg = Release|Any CPU
		{A9C6E4DB-0774-4B63-96BA-6FF25B52F6CB}.Release|Any CPU.Build.0 = Release|Any CPU
	EndGlobalSection
	GlobalSection(SolutionProperties) = preSolution
		HideSolutionNode = FALSE
	EndGlobalSection
	GlobalSection(ExtensibilityGlobals) = postSolution
		SolutionGuid = {34F8AB95-F64F-41AC-8EDA-CD30E01D1317}
	EndGlobalSection
EndGlobal
