
Microsoft Visual Studio Solution File, Format Version 12.00
# Visual Studio Version 17
VisualStudioVersion = 17.2.32516.85
MinimumVisualStudioVersion = 10.0.40219.1
Project("{FAE04EC0-301F-11D3-BF4B-00C04F79EFBC}") = "Ch8RetiredYankeePlayersNumberDictionaries", "Ch8RetiredYankeePlayersNumberDictionaries\Ch8RetiredYankeePlayersNumberDictionaries.csproj", "{4046635E-A5F4-4890-A6D1-67EE9B54CE79}"
EndProject
Global
	GlobalSection(SolutionConfigurationPlatforms) = preSolution
		Debug|Any CPU = Debug|Any CPU
		Release|Any CPU = Release|Any CPU
	EndGlobalSection
	GlobalSection(ProjectConfigurationPlatforms) = postSolution
		{4046635E-A5F4-4890-A6D1-67EE9B54CE79}.Debug|Any CPU.ActiveCfg = Debug|Any CPU
		{4046635E-A5F4-4890-A6D1-67EE9B54CE79}.Debug|Any CPU.Build.0 = Debug|Any CPU
		{4046635E-A5F4-4890-A6D1-67EE9B54CE79}.Release|Any CPU.ActiveCfg = Release|Any CPU
		{4046635E-A5F4-4890-A6D1-67EE9B54CE79}.Release|Any CPU.Build.0 = Release|Any CPU
	EndGlobalSection
	GlobalSection(SolutionProperties) = preSolution
		HideSolutionNode = FALSE
	EndGlobalSection
	GlobalSection(ExtensibilityGlobals) = postSolution
		SolutionGuid = {21310373-85B3-499A-B94E-075C32FC860E}
	EndGlobalSection
EndGlobal
