
Microsoft Visual Studio Solution File, Format Version 12.00
# Visual Studio Version 17
VisualStudioVersion = 17.1.32414.318
MinimumVisualStudioVersion = 10.0.40219.1
Project("{FAE04EC0-301F-11D3-BF4B-00C04F79EFBC}") = "Ch9ComicsCollectionLinq", "Ch9ComicsCollectionLinq\Ch9ComicsCollectionLinq.csproj", "{280F959C-AD1B-40EE-8895-0CE7A4A5BDB3}"
EndProject
Global
	GlobalSection(SolutionConfigurationPlatforms) = preSolution
		Debug|Any CPU = Debug|Any CPU
		Release|Any CPU = Release|Any CPU
	EndGlobalSection
	GlobalSection(ProjectConfigurationPlatforms) = postSolution
		{280F959C-AD1B-40EE-8895-0CE7A4A5BDB3}.Debug|Any CPU.ActiveCfg = Debug|Any CPU
		{280F959C-AD1B-40EE-8895-0CE7A4A5BDB3}.Debug|Any CPU.Build.0 = Debug|Any CPU
		{280F959C-AD1B-40EE-8895-0CE7A4A5BDB3}.Release|Any CPU.ActiveCfg = Release|Any CPU
		{280F959C-AD1B-40EE-8895-0CE7A4A5BDB3}.Release|Any CPU.Build.0 = Release|Any CPU
	EndGlobalSection
	GlobalSection(SolutionProperties) = preSolution
		HideSolutionNode = FALSE
	EndGlobalSection
	GlobalSection(ExtensibilityGlobals) = postSolution
		SolutionGuid = {5D9B4F44-9E00-4502-8603-C5706A387E45}
	EndGlobalSection
EndGlobal
