
Microsoft Visual Studio Solution File, Format Version 12.00
# Visual Studio Version 17
VisualStudioVersion = 17.1.32414.318
MinimumVisualStudioVersion = 10.0.40219.1
Project("{FAE04EC0-301F-11D3-BF4B-00C04F79EFBC}") = "Ch9LambdaExampleClowns", "Ch9LambdaExampleClowns\Ch9LambdaExampleClowns.csproj", "{AA416BE4-950F-4B72-A7C5-ADFB37327BD2}"
EndProject
Global
	GlobalSection(SolutionConfigurationPlatforms) = preSolution
		Debug|Any CPU = Debug|Any CPU
		Release|Any CPU = Release|Any CPU
	EndGlobalSection
	GlobalSection(ProjectConfigurationPlatforms) = postSolution
		{AA416BE4-950F-4B72-A7C5-ADFB37327BD2}.Debug|Any CPU.ActiveCfg = Debug|Any CPU
		{AA416BE4-950F-4B72-A7C5-ADFB37327BD2}.Debug|Any CPU.Build.0 = Debug|Any CPU
		{AA416BE4-950F-4B72-A7C5-ADFB37327BD2}.Release|Any CPU.ActiveCfg = Release|Any CPU
		{AA416BE4-950F-4B72-A7C5-ADFB37327BD2}.Release|Any CPU.Build.0 = Release|Any CPU
	EndGlobalSection
	GlobalSection(SolutionProperties) = preSolution
		HideSolutionNode = FALSE
	EndGlobalSection
	GlobalSection(ExtensibilityGlobals) = postSolution
		SolutionGuid = {758F194E-067F-4427-9AC5-84CF8EB44810}
	EndGlobalSection
EndGlobal
