
Microsoft Visual Studio Solution File, Format Version 12.00
# Visual Studio Version 17
VisualStudioVersion = 17.1.32414.318
MinimumVisualStudioVersion = 10.0.40219.1
Project("{FAE04EC0-301F-11D3-BF4B-00C04F79EFBC}") = "Ch10BinaryWriter", "Ch10BinaryWriter\Ch10BinaryWriter.csproj", "{B90B8554-4EC2-4587-8A72-AB1EA69B06E6}"
EndProject
Global
	GlobalSection(SolutionConfigurationPlatforms) = preSolution
		Debug|Any CPU = Debug|Any CPU
		Release|Any CPU = Release|Any CPU
	EndGlobalSection
	GlobalSection(ProjectConfigurationPlatforms) = postSolution
		{B90B8554-4EC2-4587-8A72-AB1EA69B06E6}.Debug|Any CPU.ActiveCfg = Debug|Any CPU
		{B90B8554-4EC2-4587-8A72-AB1EA69B06E6}.Debug|Any CPU.Build.0 = Debug|Any CPU
		{B90B8554-4EC2-4587-8A72-AB1EA69B06E6}.Release|Any CPU.ActiveCfg = Release|Any CPU
		{B90B8554-4EC2-4587-8A72-AB1EA69B06E6}.Release|Any CPU.Build.0 = Release|Any CPU
	EndGlobalSection
	GlobalSection(SolutionProperties) = preSolution
		HideSolutionNode = FALSE
	EndGlobalSection
	GlobalSection(ExtensibilityGlobals) = postSolution
		SolutionGuid = {A7F89570-9DE8-414C-A977-D01379B0DD2A}
	EndGlobalSection
EndGlobal
