
Microsoft Visual Studio Solution File, Format Version 12.00
# Visual Studio Version 17
VisualStudioVersion = 17.2.32516.85
MinimumVisualStudioVersion = 10.0.40219.1
Project("{FAE04EC0-301F-11D3-BF4B-00C04F79EFBC}") = "Ch7InterfacesPoolPuzzle", "Ch7InterfacesPoolPuzzle\Ch7InterfacesPoolPuzzle.csproj", "{84E55DDB-51D0-4F4C-9161-B7BCB3969462}"
EndProject
Global
	GlobalSection(SolutionConfigurationPlatforms) = preSolution
		Debug|Any CPU = Debug|Any CPU
		Release|Any CPU = Release|Any CPU
	EndGlobalSection
	GlobalSection(ProjectConfigurationPlatforms) = postSolution
		{84E55DDB-51D0-4F4C-9161-B7BCB3969462}.Debug|Any CPU.ActiveCfg = Debug|Any CPU
		{84E55DDB-51D0-4F4C-9161-B7BCB3969462}.Debug|Any CPU.Build.0 = Debug|Any CPU
		{84E55DDB-51D0-4F4C-9161-B7BCB3969462}.Release|Any CPU.ActiveCfg = Release|Any CPU
		{84E55DDB-51D0-4F4C-9161-B7BCB3969462}.Release|Any CPU.Build.0 = Release|Any CPU
	EndGlobalSection
	GlobalSection(SolutionProperties) = preSolution
		HideSolutionNode = FALSE
	EndGlobalSection
	GlobalSection(ExtensibilityGlobals) = postSolution
		SolutionGuid = {12ACB441-D363-46FD-9454-CC5548214CAB}
	EndGlobalSection
EndGlobal
