
Microsoft Visual Studio Solution File, Format Version 12.00
# Visual Studio Version 17
VisualStudioVersion = 17.2.32516.85
MinimumVisualStudioVersion = 10.0.40219.1
Project("{9A19103F-16F7-4668-BE54-9A1E7A4F7556}") = "Ch8TwoDecksBlazorWASM", "Ch8TwoDecksBlazorWASM\Ch8TwoDecksBlazorWASM.csproj", "{F66D3F2A-44FE-4ECB-AAAD-9EC2F3590AC7}"
EndProject
Global
	GlobalSection(SolutionConfigurationPlatforms) = preSolution
		Debug|Any CPU = Debug|Any CPU
		Release|Any CPU = Release|Any CPU
	EndGlobalSection
	GlobalSection(ProjectConfigurationPlatforms) = postSolution
		{F66D3F2A-44FE-4ECB-AAAD-9EC2F3590AC7}.Debug|Any CPU.ActiveCfg = Debug|Any CPU
		{F66D3F2A-44FE-4ECB-AAAD-9EC2F3590AC7}.Debug|Any CPU.Build.0 = Debug|Any CPU
		{F66D3F2A-44FE-4ECB-AAAD-9EC2F3590AC7}.Release|Any CPU.ActiveCfg = Release|Any CPU
		{F66D3F2A-44FE-4ECB-AAAD-9EC2F3590AC7}.Release|Any CPU.Build.0 = Release|Any CPU
	EndGlobalSection
	GlobalSection(SolutionProperties) = preSolution
		HideSolutionNode = FALSE
	EndGlobalSection
	GlobalSection(ExtensibilityGlobals) = postSolution
		SolutionGuid = {771D3728-DF72-429F-898A-9A6EADAA1909}
	EndGlobalSection
EndGlobal
