
Microsoft Visual Studio Solution File, Format Version 12.00
# Visual Studio Version 17
VisualStudioVersion = 17.1.32414.318
MinimumVisualStudioVersion = 10.0.40219.1
Project("{FAE04EC0-301F-11D3-BF4B-00C04F79EFBC}") = "HasASecret", "HasASecret\HasASecret.csproj", "{F7E086C9-60D6-4403-9381-D40CADBDAF5B}"
EndProject
Global
	GlobalSection(SolutionConfigurationPlatforms) = preSolution
		Debug|Any CPU = Debug|Any CPU
		Release|Any CPU = Release|Any CPU
	EndGlobalSection
	GlobalSection(ProjectConfigurationPlatforms) = postSolution
		{F7E086C9-60D6-4403-9381-D40CADBDAF5B}.Debug|Any CPU.ActiveCfg = Debug|Any CPU
		{F7E086C9-60D6-4403-9381-D40CADBDAF5B}.Debug|Any CPU.Build.0 = Debug|Any CPU
		{F7E086C9-60D6-4403-9381-D40CADBDAF5B}.Release|Any CPU.ActiveCfg = Release|Any CPU
		{F7E086C9-60D6-4403-9381-D40CADBDAF5B}.Release|Any CPU.Build.0 = Release|Any CPU
	EndGlobalSection
	GlobalSection(SolutionProperties) = preSolution
		HideSolutionNode = FALSE
	EndGlobalSection
	GlobalSection(ExtensibilityGlobals) = postSolution
		SolutionGuid = {AC5C3A11-EB49-47C5-9843-D1EC79EBC125}
	EndGlobalSection
EndGlobal
