
Microsoft Visual Studio Solution File, Format Version 12.00
# Visual Studio Version 17
VisualStudioVersion = 17.1.32414.318
MinimumVisualStudioVersion = 10.0.40219.1
Project("{9A19103F-16F7-4668-BE54-9A1E7A4F7556}") = "Ch10HexDump", "Ch10HexDump\Ch10HexDump.csproj", "{1B3825DE-CC69-4747-BEBC-C603FF6017BD}"
EndProject
Project("{FAE04EC0-301F-11D3-BF4B-00C04F79EFBC}") = "Ch10HexDumpReadBinary", "Ch10HexDumpReadBinary\Ch10HexDumpReadBinary.csproj", "{60072B3E-B884-46F9-8F46-D64C4C5AC4C8}"
EndProject
Project("{FAE04EC0-301F-11D3-BF4B-00C04F79EFBC}") = "Ch10HexDumpCommandLineArgs", "Ch10HexDumpCommandLineArgs\Ch10HexDumpCommandLineArgs.csproj", "{64317DB3-9F4F-49D8-95AE-0895772DC4B2}"
EndProject
Global
	GlobalSection(SolutionConfigurationPlatforms) = preSolution
		Debug|Any CPU = Debug|Any CPU
		Release|Any CPU = Release|Any CPU
	EndGlobalSection
	GlobalSection(ProjectConfigurationPlatforms) = postSolution
		{1B3825DE-CC69-4747-BEBC-C603FF6017BD}.Debug|Any CPU.ActiveCfg = Debug|Any CPU
		{1B3825DE-CC69-4747-BEBC-C603FF6017BD}.Debug|Any CPU.Build.0 = Debug|Any CPU
		{1B3825DE-CC69-4747-BEBC-C603FF6017BD}.Release|Any CPU.ActiveCfg = Release|Any CPU
		{1B3825DE-CC69-4747-BEBC-C603FF6017BD}.Release|Any CPU.Build.0 = Release|Any CPU
		{60072B3E-B884-46F9-8F46-D64C4C5AC4C8}.Debug|Any CPU.ActiveCfg = Debug|Any CPU
		{60072B3E-B884-46F9-8F46-D64C4C5AC4C8}.Debug|Any CPU.Build.0 = Debug|Any CPU
		{60072B3E-B884-46F9-8F46-D64C4C5AC4C8}.Release|Any CPU.ActiveCfg = Release|Any CPU
		{60072B3E-B884-46F9-8F46-D64C4C5AC4C8}.Release|Any CPU.Build.0 = Release|Any CPU
		{64317DB3-9F4F-49D8-95AE-0895772DC4B2}.Debug|Any CPU.ActiveCfg = Debug|Any CPU
		{64317DB3-9F4F-49D8-95AE-0895772DC4B2}.Debug|Any CPU.Build.0 = Debug|Any CPU
		{64317DB3-9F4F-49D8-95AE-0895772DC4B2}.Release|Any CPU.ActiveCfg = Release|Any CPU
		{64317DB3-9F4F-49D8-95AE-0895772DC4B2}.Release|Any CPU.Build.0 = Release|Any CPU
	EndGlobalSection
	GlobalSection(SolutionProperties) = preSolution
		HideSolutionNode = FALSE
	EndGlobalSection
	GlobalSection(ExtensibilityGlobals) = postSolution
		SolutionGuid = {14CE4887-B619-4A43-AF11-2DC37C85BEDC}
	EndGlobalSection
EndGlobal
