
Microsoft Visual Studio Solution File, Format Version 12.00
# Visual Studio Version 17
VisualStudioVersion = 17.1.32414.318
MinimumVisualStudioVersion = 10.0.40219.1
Project("{FAE04EC0-301F-11D3-BF4B-00C04F79EFBC}") = "Ch11PassByReference", "Ch11PassByReference\Ch11PassByReference.csproj", "{5147F77A-9A78-4625-A446-322BF22569F4}"
EndProject
Global
	GlobalSection(SolutionConfigurationPlatforms) = preSolution
		Debug|Any CPU = Debug|Any CPU
		Release|Any CPU = Release|Any CPU
	EndGlobalSection
	GlobalSection(ProjectConfigurationPlatforms) = postSolution
		{5147F77A-9A78-4625-A446-322BF22569F4}.Debug|Any CPU.ActiveCfg = Debug|Any CPU
		{5147F77A-9A78-4625-A446-322BF22569F4}.Debug|Any CPU.Build.0 = Debug|Any CPU
		{5147F77A-9A78-4625-A446-322BF22569F4}.Release|Any CPU.ActiveCfg = Release|Any CPU
		{5147F77A-9A78-4625-A446-322BF22569F4}.Release|Any CPU.Build.0 = Release|Any CPU
	EndGlobalSection
	GlobalSection(SolutionProperties) = preSolution
		HideSolutionNode = FALSE
	EndGlobalSection
	GlobalSection(ExtensibilityGlobals) = postSolution
		SolutionGuid = {FC3C013E-CC2C-4B61-AACA-DCCF9D4F6B53}
	EndGlobalSection
EndGlobal
